
Microsoft Visual Studio Solution File, Format Version 12.00
# Visual Studio 2012
Project("{FAE04EC0-301F-11D3-BF4B-00C04F79EFBC}") = "EulerPhoneApp", "EulerPhoneApp\EulerPhoneApp.csproj", "{6C52242F-5645-41AB-9C51-4ACDD16A5192}"
EndProject
Global
	GlobalSection(SolutionConfigurationPlatforms) = preSolution
		Debug|iPhoneSimulator = Debug|iPhoneSimulator
		Release|iPhone = Release|iPhone
		Release|iPhoneSimulator = Release|iPhoneSimulator
		Debug|iPhone = Debug|iPhone
	EndGlobalSection
	GlobalSection(ProjectConfigurationPlatforms) = postSolution
		{6C52242F-5645-41AB-9C51-4ACDD16A5192}.Debug|iPhoneSimulator.ActiveCfg = Debug|iPhoneSimulator
		{6C52242F-5645-41AB-9C51-4ACDD16A5192}.Debug|iPhoneSimulator.Build.0 = Debug|iPhoneSimulator
		{6C52242F-5645-41AB-9C51-4ACDD16A5192}.Release|iPhone.ActiveCfg = Release|iPhone
		{6C52242F-5645-41AB-9C51-4ACDD16A5192}.Release|iPhone.Build.0 = Release|iPhone
		{6C52242F-5645-41AB-9C51-4ACDD16A5192}.Release|iPhoneSimulator.ActiveCfg = Release|iPhoneSimulator
		{6C52242F-5645-41AB-9C51-4ACDD16A5192}.Release|iPhoneSimulator.Build.0 = Release|iPhoneSimulator
		{6C52242F-5645-41AB-9C51-4ACDD16A5192}.Debug|iPhone.ActiveCfg = Debug|iPhone
		{6C52242F-5645-41AB-9C51-4ACDD16A5192}.Debug|iPhone.Build.0 = Debug|iPhone
	EndGlobalSection
	GlobalSection(MonoDevelopProperties) = preSolution
		Policies = $0
		$0.TextStylePolicy = $1
		$1.FileWidth = 80
		$1.TabWidth = 8
		$1.IndentWidth = 8
		$1.scope = text/x-csharp
		$0.CSharpFormattingPolicy = $2
		$2.IndentSwitchSection = False
		$2.NewLinesForBracesInTypes = False
		$2.NewLinesForBracesInProperties = False
		$2.NewLinesForBracesInAccessors = False
		$2.NewLinesForBracesInAnonymousMethods = False
		$2.NewLinesForBracesInControlBlocks = False
		$2.NewLinesForBracesInAnonymousTypes = False
		$2.NewLinesForBracesInObjectCollectionArrayInitializers = False
		$2.NewLinesForBracesInLambdaExpressionBody = False
		$2.NewLineForElse = False
		$2.NewLineForCatch = False
		$2.NewLineForFinally = False
		$2.NewLineForMembersInObjectInit = False
		$2.NewLineForMembersInAnonymousTypes = False
		$2.NewLineForClausesInQuery = False
		$2.SpacingAfterMethodDeclarationName = True
		$2.SpaceAfterMethodCallName = True
		$2.SpaceBeforeOpenSquareBracket = True
		$2.scope = text/x-csharp
	EndGlobalSection
EndGlobal
