
Microsoft Visual Studio Solution File, Format Version 12.00
# Visual Studio Version 16
VisualStudioVersion = 16.0.809.9
MinimumVisualStudioVersion = 10.0.40219.1
Project("{9A19103F-16F7-4668-BE54-9A1E7A4F7556}") = "PigLatin", "PigLatin\PigLatin.csproj", "{3EFD26FE-5B97-432C-915F-297558BB8160}"
EndProject
Global
	GlobalSection(SolutionConfigurationPlatforms) = preSolution
		Debug|iPhoneSimulator = Debug|iPhoneSimulator
		Release|iPhoneSimulator = Release|iPhoneSimulator
		Debug|iPhone = Debug|iPhone
		Release|iPhone = Release|iPhone
	EndGlobalSection
	GlobalSection(ProjectConfigurationPlatforms) = postSolution
		{3EFD26FE-5B97-432C-915F-297558BB8160}.Debug|iPhoneSimulator.ActiveCfg = Debug|iPhoneSimulator
		{3EFD26FE-5B97-432C-915F-297558BB8160}.Debug|iPhoneSimulator.Build.0 = Debug|iPhoneSimulator
		{3EFD26FE-5B97-432C-915F-297558BB8160}.Release|iPhoneSimulator.ActiveCfg = Release|iPhoneSimulator
		{3EFD26FE-5B97-432C-915F-297558BB8160}.Release|iPhoneSimulator.Build.0 = Release|iPhoneSimulator
		{3EFD26FE-5B97-432C-915F-297558BB8160}.Debug|iPhone.ActiveCfg = Debug|iPhone
		{3EFD26FE-5B97-432C-915F-297558BB8160}.Debug|iPhone.Build.0 = Debug|iPhone
		{3EFD26FE-5B97-432C-915F-297558BB8160}.Release|iPhone.ActiveCfg = Release|iPhone
		{3EFD26FE-5B97-432C-915F-297558BB8160}.Release|iPhone.Build.0 = Release|iPhone
	EndGlobalSection
	GlobalSection(SolutionProperties) = preSolution
		HideSolutionNode = FALSE
	EndGlobalSection
	GlobalSection(ExtensibilityGlobals) = postSolution
		SolutionGuid = {4A663ADA-593F-49C4-BD44-6EC8A170D30E}
	EndGlobalSection
EndGlobal
